{
    "name": "@remvst/game-navigation-core",
    "version": "1.1.0",
    "lockfileVersion": 3,
    "requires": true,
    "packages": {
        "": {
            "name": "@remvst/game-navigation-core",
            "version": "1.1.0",
            "license": "UNLICENSED",
            "dependencies": {
                "@remvst/animate.js": "^2.0.0",
                "@remvst/client-inputs": "^1.0.4",
                "@remvst/client-performance": "^1.0.0",
                "@remvst/optimization": "^1.0.1"
            },
            "devDependencies": {
                "typescript": "^5.2.2"
            }
        },
        "node_modules/@remvst/animate.js": {
            "version": "2.0.0",
            "resolved": "https://registry.npmjs.org/@remvst/animate.js/-/animate.js-2.0.0.tgz",
            "integrity": "sha512-zaBeuwCPd0I2pmcrFlBzQqFmtSUq/Br9O/T1SBB+DAypC8Y2AJ40lkqbhw6R1QnNpx1Mn0sx8ium1eRuCG+u5g=="
        },
        "node_modules/@remvst/client-inputs": {
            "version": "1.0.4",
            "resolved": "https://registry.npmjs.org/@remvst/client-inputs/-/client-inputs-1.0.4.tgz",
            "integrity": "sha512-tRc5/NL8NsUNqLIGWghjyQMGuDeJwXzyIRpJ/Wv1m+fpGq1HDF9vaZ+S2ItwcLCuAwiHMBzfZrWNUfvc8n05wQ=="
        },
        "node_modules/@remvst/client-performance": {
            "version": "1.0.0",
            "resolved": "https://registry.npmjs.org/@remvst/client-performance/-/client-performance-1.0.0.tgz",
            "integrity": "sha512-o6PFAuLsbi98qunEEoejb3E3dud613y6Oz2qM5HHk5BMX1HSrUon5gPoXPEDMr7taSs0jZRUT6k6Fybd8nynSg==",
            "dependencies": {
                "typescript": "^5.2.2"
            }
        },
        "node_modules/@remvst/optimization": {
            "version": "1.0.1",
            "resolved": "https://registry.npmjs.org/@remvst/optimization/-/optimization-1.0.1.tgz",
            "integrity": "sha512-wVAt1vMPAMgANZdhptI/rTRDJWTCXq9dM9zzZJzTe913jnVwJm1athOekNgWb1MCEkiF7Vf4KysGmIXmByqbYQ=="
        },
        "node_modules/typescript": {
            "version": "5.3.3",
            "resolved": "https://registry.npmjs.org/typescript/-/typescript-5.3.3.tgz",
            "integrity": "sha512-pXWcraxM0uxAS+tN0AG/BF2TyqmHO014Z070UsJ+pFvYuRSq8KH8DmWpnbXe0pEPDHXZV3FcAbJkijJ5oNEnWw==",
            "bin": {
                "tsc": "bin/tsc",
                "tsserver": "bin/tsserver"
            },
            "engines": {
                "node": ">=14.17"
            }
        }
    }
}
